
Microsoft Visual Studio Solution File, Format Version 12.00
# Visual Studio Version 17
VisualStudioVersion = 17.8.34330.188
MinimumVisualStudioVersion = 10.0.40219.1
Project("{FAE04EC0-301F-11D3-BF4B-00C04F79EFBC}") = "KutuphaneTakip", "KutuphaneTakip\KutuphaneTakip.csproj", "{DEEDB4A3-1B6A-40DD-9DC4-5D4FC193C7A3}"
EndProject
Global
	GlobalSection(SolutionConfigurationPlatforms) = preSolution
		Debug|Any CPU = Debug|Any CPU
		Release|Any CPU = Release|Any CPU
	EndGlobalSection
	GlobalSection(ProjectConfigurationPlatforms) = postSolution
		{DEEDB4A3-1B6A-40DD-9DC4-5D4FC193C7A3}.Debug|Any CPU.ActiveCfg = Debug|Any CPU
		{DEEDB4A3-1B6A-40DD-9DC4-5D4FC193C7A3}.Debug|Any CPU.Build.0 = Debug|Any CPU
		{DEEDB4A3-1B6A-40DD-9DC4-5D4FC193C7A3}.Release|Any CPU.ActiveCfg = Release|Any CPU
		{DEEDB4A3-1B6A-40DD-9DC4-5D4FC193C7A3}.Release|Any CPU.Build.0 = Release|Any CPU
	EndGlobalSection
	GlobalSection(SolutionProperties) = preSolution
		HideSolutionNode = FALSE
	EndGlobalSection
	GlobalSection(ExtensibilityGlobals) = postSolution
		SolutionGuid = {1A304305-5F84-438C-81DB-4CEF7134477F}
	EndGlobalSection
EndGlobal
